
Microsoft Visual Studio Solution File, Format Version 12.00
# Visual Studio Version 17
VisualStudioVersion = 17.0.31903.59
MinimumVisualStudioVersion = 10.0.40219.1
Project("{9A19103F-16F7-4668-BE54-9A1E7A4F7556}") = "DidacticalEnigma.Mem", "DidacticalEnigma.Mem\DidacticalEnigma.Mem.csproj", "{51787B59-7164-46A4-AAF0-3352D8541DC3}"
EndProject
Project("{9A19103F-16F7-4668-BE54-9A1E7A4F7556}") = "DidacticalEnigma.Mem.IntegrationTests", "DidacticalEnigma.Mem.IntegrationTests\DidacticalEnigma.Mem.IntegrationTests.csproj", "{DEEC50E1-3ECA-49A3-8BEA-8669BCF643B8}"
EndProject
Global
	GlobalSection(SolutionConfigurationPlatforms) = preSolution
		Debug|Any CPU = Debug|Any CPU
		Release|Any CPU = Release|Any CPU
	EndGlobalSection
	GlobalSection(ProjectConfigurationPlatforms) = postSolution
		{51787B59-7164-46A4-AAF0-3352D8541DC3}.Debug|Any CPU.ActiveCfg = Debug|Any CPU
		{51787B59-7164-46A4-AAF0-3352D8541DC3}.Debug|Any CPU.Build.0 = Debug|Any CPU
		{51787B59-7164-46A4-AAF0-3352D8541DC3}.Release|Any CPU.ActiveCfg = Release|Any CPU
		{51787B59-7164-46A4-AAF0-3352D8541DC3}.Release|Any CPU.Build.0 = Release|Any CPU
		{DEEC50E1-3ECA-49A3-8BEA-8669BCF643B8}.Debug|Any CPU.ActiveCfg = Debug|Any CPU
		{DEEC50E1-3ECA-49A3-8BEA-8669BCF643B8}.Debug|Any CPU.Build.0 = Debug|Any CPU
		{DEEC50E1-3ECA-49A3-8BEA-8669BCF643B8}.Release|Any CPU.ActiveCfg = Release|Any CPU
		{DEEC50E1-3ECA-49A3-8BEA-8669BCF643B8}.Release|Any CPU.Build.0 = Release|Any CPU
	EndGlobalSection
	GlobalSection(SolutionProperties) = preSolution
		HideSolutionNode = FALSE
	EndGlobalSection
	GlobalSection(ExtensibilityGlobals) = postSolution
		SolutionGuid = {040C6F67-AE95-4A5C-9437-1079EAC0838C}
	EndGlobalSection
EndGlobal
