
Microsoft Visual Studio Solution File, Format Version 12.00
Project("{FAE04EC0-301F-11D3-BF4B-00C04F79EFBC}") = "DidacticalEnigma.Mem", "DidacticalEnigma.Mem\DidacticalEnigma.Mem.csproj", "{51787B59-7164-46A4-AAF0-3352D8541DC3}"
EndProject
Project("{FAE04EC0-301F-11D3-BF4B-00C04F79EFBC}") = "DidacticalEnigma.Mem.Migrations", "DidacticalEnigma.Mem.Migrations\DidacticalEnigma.Mem.Migrations.csproj", "{A19B75A9-F7CB-4E90-A8C6-A8AA98A95183}"
EndProject
Project("{FAE04EC0-301F-11D3-BF4B-00C04F79EFBC}") = "DidacticalEnigma.Mem.Database", "DidacticalEnigma.Mem.Database\DidacticalEnigma.Mem.Database.csproj", "{B0CAB7A1-E266-4A20-9221-8A2D64AF5311}"
EndProject
Global
	GlobalSection(SolutionConfigurationPlatforms) = preSolution
		Debug|Any CPU = Debug|Any CPU
		Release|Any CPU = Release|Any CPU
	EndGlobalSection
	GlobalSection(ProjectConfigurationPlatforms) = postSolution
		{51787B59-7164-46A4-AAF0-3352D8541DC3}.Debug|Any CPU.ActiveCfg = Debug|Any CPU
		{51787B59-7164-46A4-AAF0-3352D8541DC3}.Debug|Any CPU.Build.0 = Debug|Any CPU
		{51787B59-7164-46A4-AAF0-3352D8541DC3}.Release|Any CPU.ActiveCfg = Release|Any CPU
		{51787B59-7164-46A4-AAF0-3352D8541DC3}.Release|Any CPU.Build.0 = Release|Any CPU
		{A19B75A9-F7CB-4E90-A8C6-A8AA98A95183}.Debug|Any CPU.ActiveCfg = Debug|Any CPU
		{A19B75A9-F7CB-4E90-A8C6-A8AA98A95183}.Debug|Any CPU.Build.0 = Debug|Any CPU
		{A19B75A9-F7CB-4E90-A8C6-A8AA98A95183}.Release|Any CPU.ActiveCfg = Release|Any CPU
		{A19B75A9-F7CB-4E90-A8C6-A8AA98A95183}.Release|Any CPU.Build.0 = Release|Any CPU
		{B0CAB7A1-E266-4A20-9221-8A2D64AF5311}.Debug|Any CPU.ActiveCfg = Debug|Any CPU
		{B0CAB7A1-E266-4A20-9221-8A2D64AF5311}.Debug|Any CPU.Build.0 = Debug|Any CPU
		{B0CAB7A1-E266-4A20-9221-8A2D64AF5311}.Release|Any CPU.ActiveCfg = Release|Any CPU
		{B0CAB7A1-E266-4A20-9221-8A2D64AF5311}.Release|Any CPU.Build.0 = Release|Any CPU
	EndGlobalSection
EndGlobal
