
Microsoft Visual Studio Solution File, Format Version 12.00
Project("{FAE04EC0-301F-11D3-BF4B-00C04F79EFBC}") = "DidacticalEnigma.Mem", "DidacticalEnigma.Mem\DidacticalEnigma.Mem.csproj", "{51787B59-7164-46A4-AAF0-3352D8541DC3}"
EndProject
Project("{FAE04EC0-301F-11D3-BF4B-00C04F79EFBC}") = "DidacticalEnigma.Mem.IntegrationTests", "DidacticalEnigma.Mem.IntegrationTests\DidacticalEnigma.Mem.IntegrationTests.csproj", "{DEEC50E1-3ECA-49A3-8BEA-8669BCF643B8}"
EndProject
Global
	GlobalSection(SolutionConfigurationPlatforms) = preSolution
		Debug|Any CPU = Debug|Any CPU
		Release|Any CPU = Release|Any CPU
	EndGlobalSection
	GlobalSection(ProjectConfigurationPlatforms) = postSolution
		{51787B59-7164-46A4-AAF0-3352D8541DC3}.Debug|Any CPU.ActiveCfg = Debug|Any CPU
		{51787B59-7164-46A4-AAF0-3352D8541DC3}.Debug|Any CPU.Build.0 = Debug|Any CPU
		{51787B59-7164-46A4-AAF0-3352D8541DC3}.Release|Any CPU.ActiveCfg = Release|Any CPU
		{51787B59-7164-46A4-AAF0-3352D8541DC3}.Release|Any CPU.Build.0 = Release|Any CPU
		{DEEC50E1-3ECA-49A3-8BEA-8669BCF643B8}.Debug|Any CPU.ActiveCfg = Debug|Any CPU
		{DEEC50E1-3ECA-49A3-8BEA-8669BCF643B8}.Debug|Any CPU.Build.0 = Debug|Any CPU
		{DEEC50E1-3ECA-49A3-8BEA-8669BCF643B8}.Release|Any CPU.ActiveCfg = Release|Any CPU
		{DEEC50E1-3ECA-49A3-8BEA-8669BCF643B8}.Release|Any CPU.Build.0 = Release|Any CPU
	EndGlobalSection
EndGlobal
